// !$*UTF8*$!
{
	archiveVersion = 1;
	classes = {
	};
	objectVersion = 56;
	objects = {

/* Begin PBXBuildFile section */
		60F9140D2C3D984900CD8273 /* SampleTestAppApp.swift in Sources */ = {isa = PBXBuildFile; fileRef = 60F9140C2C3D984900CD8273 /* SampleTestAppApp.swift */; };
		60F9140F2C3D984900CD8273 /* ContentView.swift in Sources */ = {isa = PBXBuildFile; fileRef = 60F9140E2C3D984900CD8273 /* ContentView.swift */; };
		60F914112C3D984B00CD8273 /* Assets.xcassets in Resources */ = {isa = PBXBuildFile; fileRef = 60F914102C3D984B00CD8273 /* Assets.xcassets */; };
		60F914142C3D984B00CD8273 /* Preview Assets.xcassets in Resources */ = {isa = PBXBuildFile; fileRef = 60F914132C3D984B00CD8273 /* Preview Assets.xcassets */; };
		60F9141E2C3D984C00CD8273 /* SampleTestAppTests.swift in Sources */ = {isa = PBXBuildFile; fileRef = 60F9141D2C3D984C00CD8273 /* SampleTestAppTests.swift */; };
		60F914282C3D984C00CD8273 /* SampleTestAppUITests.swift in Sources */ = {isa = PBXBuildFile; fileRef = 60F914272C3D984C00CD8273 /* SampleTestAppUITests.swift */; };
		60F9142A2C3D984C00CD8273 /* SampleTestAppUITestsLaunchTests.swift in Sources */ = {isa = PBXBuildFile; fileRef = 60F914292C3D984C00CD8273 /* SampleTestAppUITestsLaunchTests.swift */; };
		78AEF345676758F6BC17D06B /* Pods_SampleTestApp.framework in Frameworks */ = {isa = PBXBuildFile; fileRef = 4DA2BFC1B9DFFE097E9E3058 /* Pods_SampleTestApp.framework */; };
		AA6FCDDF94CE2134E8260C20 /* Pods_SampleTestApp_SampleTestAppUITests.framework in Frameworks */ = {isa = PBXBuildFile; fileRef = 16F091CEB56A11A1E0463120 /* Pods_SampleTestApp_SampleTestAppUITests.framework */; };
		B5D54162EA4A88CCEC0939ED /* Pods_SampleTestAppTests.framework in Frameworks */ = {isa = PBXBuildFile; fileRef = F34F381EB4D5E85D425E24B5 /* Pods_SampleTestAppTests.framework */; };
/* End PBXBuildFile section */

/* Begin PBXContainerItemProxy section */
		60F9141A2C3D984C00CD8273 /* PBXContainerItemProxy */ = {
			isa = PBXContainerItemProxy;
			containerPortal = 60F914012C3D984900CD8273 /* Project object */;
			proxyType = 1;
			remoteGlobalIDString = 60F914082C3D984900CD8273;
			remoteInfo = SampleTestApp;
		};
		60F914242C3D984C00CD8273 /* PBXContainerItemProxy */ = {
			isa = PBXContainerItemProxy;
			containerPortal = 60F914012C3D984900CD8273 /* Project object */;
			proxyType = 1;
			remoteGlobalIDString = 60F914082C3D984900CD8273;
			remoteInfo = SampleTestApp;
		};
/* End PBXContainerItemProxy section */

/* Begin PBXFileReference section */
		0F50BF5DD47688F333FC0FFE /* Pods-SampleTestApp-SampleTestAppUITests.release.xcconfig */ = {isa = PBXFileReference; includeInIndex = 1; lastKnownFileType = text.xcconfig; name = "Pods-SampleTestApp-SampleTestAppUITests.release.xcconfig"; path = "Target Support Files/Pods-SampleTestApp-SampleTestAppUITests/Pods-SampleTestApp-SampleTestAppUITests.release.xcconfig"; sourceTree = "<group>"; };
		16F091CEB56A11A1E0463120 /* Pods_SampleTestApp_SampleTestAppUITests.framework */ = {isa = PBXFileReference; explicitFileType = wrapper.framework; includeInIndex = 0; path = Pods_SampleTestApp_SampleTestAppUITests.framework; sourceTree = BUILT_PRODUCTS_DIR; };
		3FCF6EA80DBFC74A6968A833 /* Pods-SampleTestApp-SampleTestAppUITests.debug.xcconfig */ = {isa = PBXFileReference; includeInIndex = 1; lastKnownFileType = text.xcconfig; name = "Pods-SampleTestApp-SampleTestAppUITests.debug.xcconfig"; path = "Target Support Files/Pods-SampleTestApp-SampleTestAppUITests/Pods-SampleTestApp-SampleTestAppUITests.debug.xcconfig"; sourceTree = "<group>"; };
		4DA2BFC1B9DFFE097E9E3058 /* Pods_SampleTestApp.framework */ = {isa = PBXFileReference; explicitFileType = wrapper.framework; includeInIndex = 0; path = Pods_SampleTestApp.framework; sourceTree = BUILT_PRODUCTS_DIR; };
		60F914092C3D984900CD8273 /* SampleTestApp.app */ = {isa = PBXFileReference; explicitFileType = wrapper.application; includeInIndex = 0; path = SampleTestApp.app; sourceTree = BUILT_PRODUCTS_DIR; };
		60F9140C2C3D984900CD8273 /* SampleTestAppApp.swift */ = {isa = PBXFileReference; lastKnownFileType = sourcecode.swift; path = SampleTestAppApp.swift; sourceTree = "<group>"; };
		60F9140E2C3D984900CD8273 /* ContentView.swift */ = {isa = PBXFileReference; lastKnownFileType = sourcecode.swift; path = ContentView.swift; sourceTree = "<group>"; };
		60F914102C3D984B00CD8273 /* Assets.xcassets */ = {isa = PBXFileReference; lastKnownFileType = folder.assetcatalog; path = Assets.xcassets; sourceTree = "<group>"; };
		60F914132C3D984B00CD8273 /* Preview Assets.xcassets */ = {isa = PBXFileReference; lastKnownFileType = folder.assetcatalog; path = "Preview Assets.xcassets"; sourceTree = "<group>"; };
		60F914192C3D984C00CD8273 /* SampleTestAppTests.xctest */ = {isa = PBXFileReference; explicitFileType = wrapper.cfbundle; includeInIndex = 0; path = SampleTestAppTests.xctest; sourceTree = BUILT_PRODUCTS_DIR; };
		60F9141D2C3D984C00CD8273 /* SampleTestAppTests.swift */ = {isa = PBXFileReference; lastKnownFileType = sourcecode.swift; path = SampleTestAppTests.swift; sourceTree = "<group>"; };
		60F914232C3D984C00CD8273 /* SampleTestAppUITests.xctest */ = {isa = PBXFileReference; explicitFileType = wrapper.cfbundle; includeInIndex = 0; path = SampleTestAppUITests.xctest; sourceTree = BUILT_PRODUCTS_DIR; };
		60F914272C3D984C00CD8273 /* SampleTestAppUITests.swift */ = {isa = PBXFileReference; lastKnownFileType = sourcecode.swift; path = SampleTestAppUITests.swift; sourceTree = "<group>"; };
		60F914292C3D984C00CD8273 /* SampleTestAppUITestsLaunchTests.swift */ = {isa = PBXFileReference; lastKnownFileType = sourcecode.swift; path = SampleTestAppUITestsLaunchTests.swift; sourceTree = "<group>"; };
		8B34639D9B35F18225284C16 /* Pods-SampleTestAppTests.release.xcconfig */ = {isa = PBXFileReference; includeInIndex = 1; lastKnownFileType = text.xcconfig; name = "Pods-SampleTestAppTests.release.xcconfig"; path = "Target Support Files/Pods-SampleTestAppTests/Pods-SampleTestAppTests.release.xcconfig"; sourceTree = "<group>"; };
		93350AC7E74FB9ADB8466B7F /* Pods-SampleTestAppTests.debug.xcconfig */ = {isa = PBXFileReference; includeInIndex = 1; lastKnownFileType = text.xcconfig; name = "Pods-SampleTestAppTests.debug.xcconfig"; path = "Target Support Files/Pods-SampleTestAppTests/Pods-SampleTestAppTests.debug.xcconfig"; sourceTree = "<group>"; };
		97437614409CF5444A8B1CB2 /* Pods-SampleTestApp.debug.xcconfig */ = {isa = PBXFileReference; includeInIndex = 1; lastKnownFileType = text.xcconfig; name = "Pods-SampleTestApp.debug.xcconfig"; path = "Target Support Files/Pods-SampleTestApp/Pods-SampleTestApp.debug.xcconfig"; sourceTree = "<group>"; };
		B23ACB244F7E7AC8D2D20979 /* Pods-SampleTestApp.release.xcconfig */ = {isa = PBXFileReference; includeInIndex = 1; lastKnownFileType = text.xcconfig; name = "Pods-SampleTestApp.release.xcconfig"; path = "Target Support Files/Pods-SampleTestApp/Pods-SampleTestApp.release.xcconfig"; sourceTree = "<group>"; };
		F34F381EB4D5E85D425E24B5 /* Pods_SampleTestAppTests.framework */ = {isa = PBXFileReference; explicitFileType = wrapper.framework; includeInIndex = 0; path = Pods_SampleTestAppTests.framework; sourceTree = BUILT_PRODUCTS_DIR; };
/* End PBXFileReference section */

/* Begin PBXFrameworksBuildPhase section */
		60F914062C3D984900CD8273 /* Frameworks */ = {
			isa = PBXFrameworksBuildPhase;
			buildActionMask = 2147483647;
			files = (
				78AEF345676758F6BC17D06B /* Pods_SampleTestApp.framework in Frameworks */,
			);
			runOnlyForDeploymentPostprocessing = 0;
		};
		60F914162C3D984C00CD8273 /* Frameworks */ = {
			isa = PBXFrameworksBuildPhase;
			buildActionMask = 2147483647;
			files = (
				B5D54162EA4A88CCEC0939ED /* Pods_SampleTestAppTests.framework in Frameworks */,
			);
			runOnlyForDeploymentPostprocessing = 0;
		};
		60F914202C3D984C00CD8273 /* Frameworks */ = {
			isa = PBXFrameworksBuildPhase;
			buildActionMask = 2147483647;
			files = (
				AA6FCDDF94CE2134E8260C20 /* Pods_SampleTestApp_SampleTestAppUITests.framework in Frameworks */,
			);
			runOnlyForDeploymentPostprocessing = 0;
		};
/* End PBXFrameworksBuildPhase section */

/* Begin PBXGroup section */
		60F914002C3D984900CD8273 = {
			isa = PBXGroup;
			children = (
				60F9140B2C3D984900CD8273 /* SampleTestApp */,
				60F9141C2C3D984C00CD8273 /* SampleTestAppTests */,
				60F914262C3D984C00CD8273 /* SampleTestAppUITests */,
				60F9140A2C3D984900CD8273 /* Products */,
				9684A4FF8A2C5717A6434397 /* Pods */,
				71F0F6C5B86DB13AB9087AA2 /* Frameworks */,
			);
			sourceTree = "<group>";
		};
		60F9140A2C3D984900CD8273 /* Products */ = {
			isa = PBXGroup;
			children = (
				60F914092C3D984900CD8273 /* SampleTestApp.app */,
				60F914192C3D984C00CD8273 /* SampleTestAppTests.xctest */,
				60F914232C3D984C00CD8273 /* SampleTestAppUITests.xctest */,
			);
			name = Products;
			sourceTree = "<group>";
		};
		60F9140B2C3D984900CD8273 /* SampleTestApp */ = {
			isa = PBXGroup;
			children = (
				60F9140C2C3D984900CD8273 /* SampleTestAppApp.swift */,
				60F9140E2C3D984900CD8273 /* ContentView.swift */,
				60F914102C3D984B00CD8273 /* Assets.xcassets */,
				60F914122C3D984B00CD8273 /* Preview Content */,
			);
			path = SampleTestApp;
			sourceTree = "<group>";
		};
		60F914122C3D984B00CD8273 /* Preview Content */ = {
			isa = PBXGroup;
			children = (
				60F914132C3D984B00CD8273 /* Preview Assets.xcassets */,
			);
			path = "Preview Content";
			sourceTree = "<group>";
		};
		60F9141C2C3D984C00CD8273 /* SampleTestAppTests */ = {
			isa = PBXGroup;
			children = (
				60F9141D2C3D984C00CD8273 /* SampleTestAppTests.swift */,
			);
			path = SampleTestAppTests;
			sourceTree = "<group>";
		};
		60F914262C3D984C00CD8273 /* SampleTestAppUITests */ = {
			isa = PBXGroup;
			children = (
				60F914272C3D984C00CD8273 /* SampleTestAppUITests.swift */,
				60F914292C3D984C00CD8273 /* SampleTestAppUITestsLaunchTests.swift */,
			);
			path = SampleTestAppUITests;
			sourceTree = "<group>";
		};
		71F0F6C5B86DB13AB9087AA2 /* Frameworks */ = {
			isa = PBXGroup;
			children = (
				4DA2BFC1B9DFFE097E9E3058 /* Pods_SampleTestApp.framework */,
				16F091CEB56A11A1E0463120 /* Pods_SampleTestApp_SampleTestAppUITests.framework */,
				F34F381EB4D5E85D425E24B5 /* Pods_SampleTestAppTests.framework */,
			);
			name = Frameworks;
			sourceTree = "<group>";
		};
		9684A4FF8A2C5717A6434397 /* Pods */ = {
			isa = PBXGroup;
			children = (
				97437614409CF5444A8B1CB2 /* Pods-SampleTestApp.debug.xcconfig */,
				B23ACB244F7E7AC8D2D20979 /* Pods-SampleTestApp.release.xcconfig */,
				3FCF6EA80DBFC74A6968A833 /* Pods-SampleTestApp-SampleTestAppUITests.debug.xcconfig */,
				0F50BF5DD47688F333FC0FFE /* Pods-SampleTestApp-SampleTestAppUITests.release.xcconfig */,
				93350AC7E74FB9ADB8466B7F /* Pods-SampleTestAppTests.debug.xcconfig */,
				8B34639D9B35F18225284C16 /* Pods-SampleTestAppTests.release.xcconfig */,
			);
			name = Pods;
			path = Pods;
			sourceTree = "<group>";
		};
/* End PBXGroup section */

/* Begin PBXNativeTarget section */
		60F914082C3D984900CD8273 /* SampleTestApp */ = {
			isa = PBXNativeTarget;
			buildConfigurationList = 60F9142D2C3D984C00CD8273 /* Build configuration list for PBXNativeTarget "SampleTestApp" */;
			buildPhases = (
				1FFDF5C5E796B0007D0969ED /* [CP] Check Pods Manifest.lock */,
				60F914052C3D984900CD8273 /* Sources */,
				60F914062C3D984900CD8273 /* Frameworks */,
				60F914072C3D984900CD8273 /* Resources */,
			);
			buildRules = (
			);
			dependencies = (
			);
			name = SampleTestApp;
			productName = SampleTestApp;
			productReference = 60F914092C3D984900CD8273 /* SampleTestApp.app */;
			productType = "com.apple.product-type.application";
		};
		60F914182C3D984C00CD8273 /* SampleTestAppTests */ = {
			isa = PBXNativeTarget;
			buildConfigurationList = 60F914302C3D984C00CD8273 /* Build configuration list for PBXNativeTarget "SampleTestAppTests" */;
			buildPhases = (
				93250F6A2A6567402B831592 /* [CP] Check Pods Manifest.lock */,
				60F914152C3D984C00CD8273 /* Sources */,
				60F914162C3D984C00CD8273 /* Frameworks */,
				60F914172C3D984C00CD8273 /* Resources */,
			);
			buildRules = (
			);
			dependencies = (
				60F9141B2C3D984C00CD8273 /* PBXTargetDependency */,
			);
			name = SampleTestAppTests;
			productName = SampleTestAppTests;
			productReference = 60F914192C3D984C00CD8273 /* SampleTestAppTests.xctest */;
			productType = "com.apple.product-type.bundle.unit-test";
		};
		60F914222C3D984C00CD8273 /* SampleTestAppUITests */ = {
			isa = PBXNativeTarget;
			buildConfigurationList = 60F914332C3D984C00CD8273 /* Build configuration list for PBXNativeTarget "SampleTestAppUITests" */;
			buildPhases = (
				9DFC1D0D4B294853B6EEE191 /* [CP] Check Pods Manifest.lock */,
				60F9141F2C3D984C00CD8273 /* Sources */,
				60F914202C3D984C00CD8273 /* Frameworks */,
				60F914212C3D984C00CD8273 /* Resources */,
			);
			buildRules = (
			);
			dependencies = (
				60F914252C3D984C00CD8273 /* PBXTargetDependency */,
			);
			name = SampleTestAppUITests;
			productName = SampleTestAppUITests;
			productReference = 60F914232C3D984C00CD8273 /* SampleTestAppUITests.xctest */;
			productType = "com.apple.product-type.bundle.ui-testing";
		};
/* End PBXNativeTarget section */

/* Begin PBXProject section */
		60F914012C3D984900CD8273 /* Project object */ = {
			isa = PBXProject;
			attributes = {
				BuildIndependentTargetsInParallel = 1;
				LastSwiftUpdateCheck = 1540;
				LastUpgradeCheck = 1540;
				TargetAttributes = {
					60F914082C3D984900CD8273 = {
						CreatedOnToolsVersion = 15.4;
					};
					60F914182C3D984C00CD8273 = {
						CreatedOnToolsVersion = 15.4;
						TestTargetID = 60F914082C3D984900CD8273;
					};
					60F914222C3D984C00CD8273 = {
						CreatedOnToolsVersion = 15.4;
						TestTargetID = 60F914082C3D984900CD8273;
					};
				};
			};
			buildConfigurationList = 60F914042C3D984900CD8273 /* Build configuration list for PBXProject "SampleTestApp" */;
			compatibilityVersion = "Xcode 14.0";
			developmentRegion = en;
			hasScannedForEncodings = 0;
			knownRegions = (
				en,
				Base,
			);
			mainGroup = 60F914002C3D984900CD8273;
			productRefGroup = 60F9140A2C3D984900CD8273 /* Products */;
			projectDirPath = "";
			projectRoot = "";
			targets = (
				60F914082C3D984900CD8273 /* SampleTestApp */,
				60F914182C3D984C00CD8273 /* SampleTestAppTests */,
				60F914222C3D984C00CD8273 /* SampleTestAppUITests */,
			);
		};
/* End PBXProject section */

/* Begin PBXResourcesBuildPhase section */
		60F914072C3D984900CD8273 /* Resources */ = {
			isa = PBXResourcesBuildPhase;
			buildActionMask = 2147483647;
			files = (
				60F914142C3D984B00CD8273 /* Preview Assets.xcassets in Resources */,
				60F914112C3D984B00CD8273 /* Assets.xcassets in Resources */,
			);
			runOnlyForDeploymentPostprocessing = 0;
		};
		60F914172C3D984C00CD8273 /* Resources */ = {
			isa = PBXResourcesBuildPhase;
			buildActionMask = 2147483647;
			files = (
			);
			runOnlyForDeploymentPostprocessing = 0;
		};
		60F914212C3D984C00CD8273 /* Resources */ = {
			isa = PBXResourcesBuildPhase;
			buildActionMask = 2147483647;
			files = (
			);
			runOnlyForDeploymentPostprocessing = 0;
		};
/* End PBXResourcesBuildPhase section */

/* Begin PBXShellScriptBuildPhase section */
		1FFDF5C5E796B0007D0969ED /* [CP] Check Pods Manifest.lock */ = {
			isa = PBXShellScriptBuildPhase;
			buildActionMask = 2147483647;
			files = (
			);
			inputFileListPaths = (
			);
			inputPaths = (
				"${PODS_PODFILE_DIR_PATH}/Podfile.lock",
				"${PODS_ROOT}/Manifest.lock",
			);
			name = "[CP] Check Pods Manifest.lock";
			outputFileListPaths = (
			);
			outputPaths = (
				"$(DERIVED_FILE_DIR)/Pods-SampleTestApp-checkManifestLockResult.txt",
			);
			runOnlyForDeploymentPostprocessing = 0;
			shellPath = /bin/sh;
			shellScript = "diff \"${PODS_PODFILE_DIR_PATH}/Podfile.lock\" \"${PODS_ROOT}/Manifest.lock\" > /dev/null\nif [ $? != 0 ] ; then\n    # print error to STDERR\n    echo \"error: The sandbox is not in sync with the Podfile.lock. Run 'pod install' or update your CocoaPods installation.\" >&2\n    exit 1\nfi\n# This output is used by Xcode 'outputs' to avoid re-running this script phase.\necho \"SUCCESS\" > \"${SCRIPT_OUTPUT_FILE_0}\"\n";
			showEnvVarsInLog = 0;
		};
		93250F6A2A6567402B831592 /* [CP] Check Pods Manifest.lock */ = {
			isa = PBXShellScriptBuildPhase;
			buildActionMask = 2147483647;
			files = (
			);
			inputFileListPaths = (
			);
			inputPaths = (
				"${PODS_PODFILE_DIR_PATH}/Podfile.lock",
				"${PODS_ROOT}/Manifest.lock",
			);
			name = "[CP] Check Pods Manifest.lock";
			outputFileListPaths = (
			);
			outputPaths = (
				"$(DERIVED_FILE_DIR)/Pods-SampleTestAppTests-checkManifestLockResult.txt",
			);
			runOnlyForDeploymentPostprocessing = 0;
			shellPath = /bin/sh;
			shellScript = "diff \"${PODS_PODFILE_DIR_PATH}/Podfile.lock\" \"${PODS_ROOT}/Manifest.lock\" > /dev/null\nif [ $? != 0 ] ; then\n    # print error to STDERR\n    echo \"error: The sandbox is not in sync with the Podfile.lock. Run 'pod install' or update your CocoaPods installation.\" >&2\n    exit 1\nfi\n# This output is used by Xcode 'outputs' to avoid re-running this script phase.\necho \"SUCCESS\" > \"${SCRIPT_OUTPUT_FILE_0}\"\n";
			showEnvVarsInLog = 0;
		};
		9DFC1D0D4B294853B6EEE191 /* [CP] Check Pods Manifest.lock */ = {
			isa = PBXShellScriptBuildPhase;
			buildActionMask = 2147483647;
			files = (
			);
			inputFileListPaths = (
			);
			inputPaths = (
				"${PODS_PODFILE_DIR_PATH}/Podfile.lock",
				"${PODS_ROOT}/Manifest.lock",
			);
			name = "[CP] Check Pods Manifest.lock";
			outputFileListPaths = (
			);
			outputPaths = (
				"$(DERIVED_FILE_DIR)/Pods-SampleTestApp-SampleTestAppUITests-checkManifestLockResult.txt",
			);
			runOnlyForDeploymentPostprocessing = 0;
			shellPath = /bin/sh;
			shellScript = "diff \"${PODS_PODFILE_DIR_PATH}/Podfile.lock\" \"${PODS_ROOT}/Manifest.lock\" > /dev/null\nif [ $? != 0 ] ; then\n    # print error to STDERR\n    echo \"error: The sandbox is not in sync with the Podfile.lock. Run 'pod install' or update your CocoaPods installation.\" >&2\n    exit 1\nfi\n# This output is used by Xcode 'outputs' to avoid re-running this script phase.\necho \"SUCCESS\" > \"${SCRIPT_OUTPUT_FILE_0}\"\n";
			showEnvVarsInLog = 0;
		};
/* End PBXShellScriptBuildPhase section */

/* Begin PBXSourcesBuildPhase section */
		60F914052C3D984900CD8273 /* Sources */ = {
			isa = PBXSourcesBuildPhase;
			buildActionMask = 2147483647;
			files = (
				60F9140F2C3D984900CD8273 /* ContentView.swift in Sources */,
				60F9140D2C3D984900CD8273 /* SampleTestAppApp.swift in Sources */,
			);
			runOnlyForDeploymentPostprocessing = 0;
		};
		60F914152C3D984C00CD8273 /* Sources */ = {
			isa = PBXSourcesBuildPhase;
			buildActionMask = 2147483647;
			files = (
				60F9141E2C3D984C00CD8273 /* SampleTestAppTests.swift in Sources */,
			);
			runOnlyForDeploymentPostprocessing = 0;
		};
		60F9141F2C3D984C00CD8273 /* Sources */ = {
			isa = PBXSourcesBuildPhase;
			buildActionMask = 2147483647;
			files = (
				60F9142A2C3D984C00CD8273 /* SampleTestAppUITestsLaunchTests.swift in Sources */,
				60F914282C3D984C00CD8273 /* SampleTestAppUITests.swift in Sources */,
			);
			runOnlyForDeploymentPostprocessing = 0;
		};
/* End PBXSourcesBuildPhase section */

/* Begin PBXTargetDependency section */
		60F9141B2C3D984C00CD8273 /* PBXTargetDependency */ = {
			isa = PBXTargetDependency;
			target = 60F914082C3D984900CD8273 /* SampleTestApp */;
			targetProxy = 60F9141A2C3D984C00CD8273 /* PBXContainerItemProxy */;
		};
		60F914252C3D984C00CD8273 /* PBXTargetDependency */ = {
			isa = PBXTargetDependency;
			target = 60F914082C3D984900CD8273 /* SampleTestApp */;
			targetProxy = 60F914242C3D984C00CD8273 /* PBXContainerItemProxy */;
		};
/* End PBXTargetDependency section */

/* Begin XCBuildConfiguration section */
		60F9142B2C3D984C00CD8273 /* Debug */ = {
			isa = XCBuildConfiguration;
			buildSettings = {
				ALWAYS_SEARCH_USER_PATHS = NO;
				ASSETCATALOG_COMPILER_GENERATE_SWIFT_ASSET_SYMBOL_EXTENSIONS = YES;
				CLANG_ANALYZER_NONNULL = YES;
				CLANG_ANALYZER_NUMBER_OBJECT_CONVERSION = YES_AGGRESSIVE;
				CLANG_CXX_LANGUAGE_STANDARD = "gnu++20";
				CLANG_ENABLE_MODULES = YES;
				CLANG_ENABLE_OBJC_ARC = YES;
				CLANG_ENABLE_OBJC_WEAK = YES;
				CLANG_WARN_BLOCK_CAPTURE_AUTORELEASING = YES;
				CLANG_WARN_BOOL_CONVERSION = YES;
				CLANG_WARN_COMMA = YES;
				CLANG_WARN_CONSTANT_CONVERSION = YES;
				CLANG_WARN_DEPRECATED_OBJC_IMPLEMENTATIONS = YES;
				CLANG_WARN_DIRECT_OBJC_ISA_USAGE = YES_ERROR;
				CLANG_WARN_DOCUMENTATION_COMMENTS = YES;
				CLANG_WARN_EMPTY_BODY = YES;
				CLANG_WARN_ENUM_CONVERSION = YES;
				CLANG_WARN_INFINITE_RECURSION = YES;
				CLANG_WARN_INT_CONVERSION = YES;
				CLANG_WARN_NON_LITERAL_NULL_CONVERSION = YES;
				CLANG_WARN_OBJC_IMPLICIT_RETAIN_SELF = YES;
				CLANG_WARN_OBJC_LITERAL_CONVERSION = YES;
				CLANG_WARN_OBJC_ROOT_CLASS = YES_ERROR;
				CLANG_WARN_QUOTED_INCLUDE_IN_FRAMEWORK_HEADER = YES;
				CLANG_WARN_RANGE_LOOP_ANALYSIS = YES;
				CLANG_WARN_STRICT_PROTOTYPES = YES;
				CLANG_WARN_SUSPICIOUS_MOVE = YES;
				CLANG_WARN_UNGUARDED_AVAILABILITY = YES_AGGRESSIVE;
				CLANG_WARN_UNREACHABLE_CODE = YES;
				CLANG_WARN__DUPLICATE_METHOD_MATCH = YES;
				COPY_PHASE_STRIP = NO;
				DEBUG_INFORMATION_FORMAT = dwarf;
				ENABLE_STRICT_OBJC_MSGSEND = YES;
				ENABLE_TESTABILITY = YES;
				ENABLE_USER_SCRIPT_SANDBOXING = YES;
				GCC_C_LANGUAGE_STANDARD = gnu17;
				GCC_DYNAMIC_NO_PIC = NO;
				GCC_NO_COMMON_BLOCKS = YES;
				GCC_OPTIMIZATION_LEVEL = 0;
				GCC_PREPROCESSOR_DEFINITIONS = (
					"DEBUG=1",
					"$(inherited)",
				);
				GCC_WARN_64_TO_32_BIT_CONVERSION = YES;
				GCC_WARN_ABOUT_RETURN_TYPE = YES_ERROR;
				GCC_WARN_UNDECLARED_SELECTOR = YES;
				GCC_WARN_UNINITIALIZED_AUTOS = YES_AGGRESSIVE;
				GCC_WARN_UNUSED_FUNCTION = YES;
				GCC_WARN_UNUSED_VARIABLE = YES;
				IPHONEOS_DEPLOYMENT_TARGET = 17.5;
				LOCALIZATION_PREFERS_STRING_CATALOGS = YES;
				MTL_ENABLE_DEBUG_INFO = INCLUDE_SOURCE;
				MTL_FAST_MATH = YES;
				ONLY_ACTIVE_ARCH = YES;
				SDKROOT = iphoneos;
				SWIFT_ACTIVE_COMPILATION_CONDITIONS = "DEBUG $(inherited)";
				SWIFT_OPTIMIZATION_LEVEL = "-Onone";
			};
			name = Debug;
		};
		60F9142C2C3D984C00CD8273 /* Release */ = {
			isa = XCBuildConfiguration;
			buildSettings = {
				ALWAYS_SEARCH_USER_PATHS = NO;
				ASSETCATALOG_COMPILER_GENERATE_SWIFT_ASSET_SYMBOL_EXTENSIONS = YES;
				CLANG_ANALYZER_NONNULL = YES;
				CLANG_ANALYZER_NUMBER_OBJECT_CONVERSION = YES_AGGRESSIVE;
				CLANG_CXX_LANGUAGE_STANDARD = "gnu++20";
				CLANG_ENABLE_MODULES = YES;
				CLANG_ENABLE_OBJC_ARC = YES;
				CLANG_ENABLE_OBJC_WEAK = YES;
				CLANG_WARN_BLOCK_CAPTURE_AUTORELEASING = YES;
				CLANG_WARN_BOOL_CONVERSION = YES;
				CLANG_WARN_COMMA = YES;
				CLANG_WARN_CONSTANT_CONVERSION = YES;
				CLANG_WARN_DEPRECATED_OBJC_IMPLEMENTATIONS = YES;
				CLANG_WARN_DIRECT_OBJC_ISA_USAGE = YES_ERROR;
				CLANG_WARN_DOCUMENTATION_COMMENTS = YES;
				CLANG_WARN_EMPTY_BODY = YES;
				CLANG_WARN_ENUM_CONVERSION = YES;
				CLANG_WARN_INFINITE_RECURSION = YES;
				CLANG_WARN_INT_CONVERSION = YES;
				CLANG_WARN_NON_LITERAL_NULL_CONVERSION = YES;
				CLANG_WARN_OBJC_IMPLICIT_RETAIN_SELF = YES;
				CLANG_WARN_OBJC_LITERAL_CONVERSION = YES;
				CLANG_WARN_OBJC_ROOT_CLASS = YES_ERROR;
				CLANG_WARN_QUOTED_INCLUDE_IN_FRAMEWORK_HEADER = YES;
				CLANG_WARN_RANGE_LOOP_ANALYSIS = YES;
				CLANG_WARN_STRICT_PROTOTYPES = YES;
				CLANG_WARN_SUSPICIOUS_MOVE = YES;
				CLANG_WARN_UNGUARDED_AVAILABILITY = YES_AGGRESSIVE;
				CLANG_WARN_UNREACHABLE_CODE = YES;
				CLANG_WARN__DUPLICATE_METHOD_MATCH = YES;
				CODE_SIGN_IDENTITY = "iPhone Developer";
				COPY_PHASE_STRIP = NO;
				DEBUG_INFORMATION_FORMAT = "dwarf-with-dsym";
				ENABLE_NS_ASSERTIONS = NO;
				ENABLE_STRICT_OBJC_MSGSEND = YES;
				ENABLE_USER_SCRIPT_SANDBOXING = YES;
				GCC_C_LANGUAGE_STANDARD = gnu17;
				GCC_NO_COMMON_BLOCKS = YES;
				GCC_WARN_64_TO_32_BIT_CONVERSION = YES;
				GCC_WARN_ABOUT_RETURN_TYPE = YES_ERROR;
				GCC_WARN_UNDECLARED_SELECTOR = YES;
				GCC_WARN_UNINITIALIZED_AUTOS = YES_AGGRESSIVE;
				GCC_WARN_UNUSED_FUNCTION = YES;
				GCC_WARN_UNUSED_VARIABLE = YES;
				IPHONEOS_DEPLOYMENT_TARGET = 17.5;
				LOCALIZATION_PREFERS_STRING_CATALOGS = YES;
				MTL_ENABLE_DEBUG_INFO = NO;
				MTL_FAST_MATH = YES;
				SDKROOT = iphoneos;
				SWIFT_COMPILATION_MODE = wholemodule;
				VALIDATE_PRODUCT = YES;
			};
			name = Release;
		};
		60F9142E2C3D984C00CD8273 /* Debug */ = {
			isa = XCBuildConfiguration;
			baseConfigurationReference = 97437614409CF5444A8B1CB2 /* Pods-SampleTestApp.debug.xcconfig */;
			buildSettings = {
				ASSETCATALOG_COMPILER_APPICON_NAME = AppIcon;
				ASSETCATALOG_COMPILER_GLOBAL_ACCENT_COLOR_NAME = AccentColor;
				CODE_SIGN_IDENTITY = "Apple Development";
				CODE_SIGN_STYLE = Manual;
				CURRENT_PROJECT_VERSION = 1;
				DEVELOPMENT_ASSET_PATHS = "\"SampleTestApp/Preview Content\"";
				DEVELOPMENT_TEAM = 9XHBSUW85L;
				ENABLE_PREVIEWS = YES;
				GENERATE_INFOPLIST_FILE = YES;
				INFOPLIST_KEY_UIApplicationSceneManifest_Generation = YES;
				INFOPLIST_KEY_UIApplicationSupportsIndirectInputEvents = YES;
				INFOPLIST_KEY_UILaunchScreen_Generation = YES;
				INFOPLIST_KEY_UISupportedInterfaceOrientations_iPad = "UIInterfaceOrientationPortrait UIInterfaceOrientationPortraitUpsideDown UIInterfaceOrientationLandscapeLeft UIInterfaceOrientationLandscapeRight";
				INFOPLIST_KEY_UISupportedInterfaceOrientations_iPhone = "UIInterfaceOrientationPortrait UIInterfaceOrientationLandscapeLeft UIInterfaceOrientationLandscapeRight";
				LD_RUNPATH_SEARCH_PATHS = (
					"$(inherited)",
					"@executable_path/Frameworks",
				);
				MARKETING_VERSION = 1.0;
				PRODUCT_BUNDLE_IDENTIFIER = com.TestAutomationFastLane;
				PRODUCT_NAME = "$(TARGET_NAME)";
				PROVISIONING_PROFILE_SPECIFIER = "";
				SWIFT_EMIT_LOC_STRINGS = YES;
				SWIFT_VERSION = 5.0;
				TARGETED_DEVICE_FAMILY = "1,2";
			};
			name = Debug;
		};
		60F9142F2C3D984C00CD8273 /* Release */ = {
			isa = XCBuildConfiguration;
			baseConfigurationReference = B23ACB244F7E7AC8D2D20979 /* Pods-SampleTestApp.release.xcconfig */;
			buildSettings = {
				ASSETCATALOG_COMPILER_APPICON_NAME = AppIcon;
				ASSETCATALOG_COMPILER_GLOBAL_ACCENT_COLOR_NAME = AccentColor;
				CODE_SIGN_IDENTITY = "Apple Development";
				"CODE_SIGN_IDENTITY[sdk=iphoneos*]" = "iPhone Distribution";
				CODE_SIGN_STYLE = Manual;
				CURRENT_PROJECT_VERSION = 1;
				DEVELOPMENT_ASSET_PATHS = "\"SampleTestApp/Preview Content\"";
				DEVELOPMENT_TEAM = "";
				"DEVELOPMENT_TEAM[sdk=iphoneos*]" = 9XHBSUW85L;
				ENABLE_PREVIEWS = YES;
				GENERATE_INFOPLIST_FILE = YES;
				INFOPLIST_KEY_UIApplicationSceneManifest_Generation = YES;
				INFOPLIST_KEY_UIApplicationSupportsIndirectInputEvents = YES;
				INFOPLIST_KEY_UILaunchScreen_Generation = YES;
				INFOPLIST_KEY_UISupportedInterfaceOrientations_iPad = "UIInterfaceOrientationPortrait UIInterfaceOrientationPortraitUpsideDown UIInterfaceOrientationLandscapeLeft UIInterfaceOrientationLandscapeRight";
				INFOPLIST_KEY_UISupportedInterfaceOrientations_iPhone = "UIInterfaceOrientationPortrait UIInterfaceOrientationLandscapeLeft UIInterfaceOrientationLandscapeRight";
				LD_RUNPATH_SEARCH_PATHS = (
					"$(inherited)",
					"@executable_path/Frameworks",
				);
				MARKETING_VERSION = 1.0;
				PRODUCT_BUNDLE_IDENTIFIER = com.TestUserDataFastlane;
				PRODUCT_NAME = "$(TARGET_NAME)";
				PROVISIONING_PROFILE_SPECIFIER = "";
				"PROVISIONING_PROFILE_SPECIFIER[sdk=iphoneos*]" = TestUserDataFastlane;
				SWIFT_EMIT_LOC_STRINGS = YES;
				SWIFT_VERSION = 5.0;
				TARGETED_DEVICE_FAMILY = "1,2";
			};
			name = Release;
		};
		60F914312C3D984C00CD8273 /* Debug */ = {
			isa = XCBuildConfiguration;
			baseConfigurationReference = 93350AC7E74FB9ADB8466B7F /* Pods-SampleTestAppTests.debug.xcconfig */;
			buildSettings = {
				ALWAYS_EMBED_SWIFT_STANDARD_LIBRARIES = YES;
				BUNDLE_LOADER = "$(TEST_HOST)";
				CODE_SIGN_STYLE = Automatic;
				CURRENT_PROJECT_VERSION = 1;
				GENERATE_INFOPLIST_FILE = YES;
				IPHONEOS_DEPLOYMENT_TARGET = 17.5;
				MARKETING_VERSION = 1.0;
				PRODUCT_BUNDLE_IDENTIFIER = com.FastlaneTestIOSApp.SampleTestAppTests;
				PRODUCT_NAME = "$(TARGET_NAME)";
				SWIFT_EMIT_LOC_STRINGS = NO;
				SWIFT_VERSION = 5.0;
				TARGETED_DEVICE_FAMILY = "1,2";
				TEST_HOST = "$(BUILT_PRODUCTS_DIR)/SampleTestApp.app/$(BUNDLE_EXECUTABLE_FOLDER_PATH)/SampleTestApp";
			};
			name = Debug;
		};
		60F914322C3D984C00CD8273 /* Release */ = {
			isa = XCBuildConfiguration;
			baseConfigurationReference = 8B34639D9B35F18225284C16 /* Pods-SampleTestAppTests.release.xcconfig */;
			buildSettings = {
				ALWAYS_EMBED_SWIFT_STANDARD_LIBRARIES = YES;
				BUNDLE_LOADER = "$(TEST_HOST)";
				CODE_SIGN_STYLE = Manual;
				CURRENT_PROJECT_VERSION = 1;
				DEVELOPMENT_TEAM = "";
				GENERATE_INFOPLIST_FILE = YES;
				IPHONEOS_DEPLOYMENT_TARGET = 17.5;
				MARKETING_VERSION = 1.0;
				PRODUCT_BUNDLE_IDENTIFIER = com.FastlaneTestIOSApp.SampleTestAppTests;
				PRODUCT_NAME = "$(TARGET_NAME)";
				PROVISIONING_PROFILE_SPECIFIER = "";
				SWIFT_EMIT_LOC_STRINGS = NO;
				SWIFT_VERSION = 5.0;
				TARGETED_DEVICE_FAMILY = "1,2";
				TEST_HOST = "$(BUILT_PRODUCTS_DIR)/SampleTestApp.app/$(BUNDLE_EXECUTABLE_FOLDER_PATH)/SampleTestApp";
			};
			name = Release;
		};
		60F914342C3D984C00CD8273 /* Debug */ = {
			isa = XCBuildConfiguration;
			baseConfigurationReference = 3FCF6EA80DBFC74A6968A833 /* Pods-SampleTestApp-SampleTestAppUITests.debug.xcconfig */;
			buildSettings = {
				ALWAYS_EMBED_SWIFT_STANDARD_LIBRARIES = YES;
				CODE_SIGN_STYLE = Automatic;
				CURRENT_PROJECT_VERSION = 1;
				GENERATE_INFOPLIST_FILE = YES;
				MARKETING_VERSION = 1.0;
				PRODUCT_BUNDLE_IDENTIFIER = com.FastlaneTestIOSApp.SampleTestAppUITests;
				PRODUCT_NAME = "$(TARGET_NAME)";
				SWIFT_EMIT_LOC_STRINGS = NO;
				SWIFT_VERSION = 5.0;
				TARGETED_DEVICE_FAMILY = "1,2";
				TEST_TARGET_NAME = SampleTestApp;
			};
			name = Debug;
		};
		60F914352C3D984C00CD8273 /* Release */ = {
			isa = XCBuildConfiguration;
			baseConfigurationReference = 0F50BF5DD47688F333FC0FFE /* Pods-SampleTestApp-SampleTestAppUITests.release.xcconfig */;
			buildSettings = {
				ALWAYS_EMBED_SWIFT_STANDARD_LIBRARIES = YES;
				CODE_SIGN_STYLE = Automatic;
				CURRENT_PROJECT_VERSION = 1;
				GENERATE_INFOPLIST_FILE = YES;
				MARKETING_VERSION = 1.0;
				PRODUCT_BUNDLE_IDENTIFIER = com.FastlaneTestIOSApp.SampleTestAppUITests;
				PRODUCT_NAME = "$(TARGET_NAME)";
				SWIFT_EMIT_LOC_STRINGS = NO;
				SWIFT_VERSION = 5.0;
				TARGETED_DEVICE_FAMILY = "1,2";
				TEST_TARGET_NAME = SampleTestApp;
			};
			name = Release;
		};
/* End XCBuildConfiguration section */

/* Begin XCConfigurationList section */
		60F914042C3D984900CD8273 /* Build configuration list for PBXProject "SampleTestApp" */ = {
			isa = XCConfigurationList;
			buildConfigurations = (
				60F9142B2C3D984C00CD8273 /* Debug */,
				60F9142C2C3D984C00CD8273 /* Release */,
			);
			defaultConfigurationIsVisible = 0;
			defaultConfigurationName = Release;
		};
		60F9142D2C3D984C00CD8273 /* Build configuration list for PBXNativeTarget "SampleTestApp" */ = {
			isa = XCConfigurationList;
			buildConfigurations = (
				60F9142E2C3D984C00CD8273 /* Debug */,
				60F9142F2C3D984C00CD8273 /* Release */,
			);
			defaultConfigurationIsVisible = 0;
			defaultConfigurationName = Release;
		};
		60F914302C3D984C00CD8273 /* Build configuration list for PBXNativeTarget "SampleTestAppTests" */ = {
			isa = XCConfigurationList;
			buildConfigurations = (
				60F914312C3D984C00CD8273 /* Debug */,
				60F914322C3D984C00CD8273 /* Release */,
			);
			defaultConfigurationIsVisible = 0;
			defaultConfigurationName = Release;
		};
		60F914332C3D984C00CD8273 /* Build configuration list for PBXNativeTarget "SampleTestAppUITests" */ = {
			isa = XCConfigurationList;
			buildConfigurations = (
				60F914342C3D984C00CD8273 /* Debug */,
				60F914352C3D984C00CD8273 /* Release */,
			);
			defaultConfigurationIsVisible = 0;
			defaultConfigurationName = Release;
		};
/* End XCConfigurationList section */
	};
	rootObject = 60F914012C3D984900CD8273 /* Project object */;
}
